
Microsoft Visual Studio Solution File, Format Version 12.00
# Visual Studio Version 17
VisualStudioVersion = 17.10.35027.167
MinimumVisualStudioVersion = 10.0.40219.1
Project("{FAE04EC0-301F-11D3-BF4B-00C04F79EFBC}") = "Pratik-If- Else", "Pratik-If- Else\Pratik-If- Else.csproj", "{57E7D095-9F59-4FC8-AE31-013C721ED134}"
EndProject
Global
	GlobalSection(SolutionConfigurationPlatforms) = preSolution
		Debug|Any CPU = Debug|Any CPU
		Release|Any CPU = Release|Any CPU
	EndGlobalSection
	GlobalSection(ProjectConfigurationPlatforms) = postSolution
		{57E7D095-9F59-4FC8-AE31-013C721ED134}.Debug|Any CPU.ActiveCfg = Debug|Any CPU
		{57E7D095-9F59-4FC8-AE31-013C721ED134}.Debug|Any CPU.Build.0 = Debug|Any CPU
		{57E7D095-9F59-4FC8-AE31-013C721ED134}.Release|Any CPU.ActiveCfg = Release|Any CPU
		{57E7D095-9F59-4FC8-AE31-013C721ED134}.Release|Any CPU.Build.0 = Release|Any CPU
	EndGlobalSection
	GlobalSection(SolutionProperties) = preSolution
		HideSolutionNode = FALSE
	EndGlobalSection
	GlobalSection(ExtensibilityGlobals) = postSolution
		SolutionGuid = {BBBD418E-D687-4C27-92A0-6B19F97909EC}
	EndGlobalSection
EndGlobal
